// !$*UTF8*$!
{
	archiveVersion = 1;
	classes = {
	};
	objectVersion = 50;
	objects = {

/* Begin PBXBuildFile section */
		CFA95BFE233FEA50001E4299 /* Model.xcdatamodeld in Sources */ = {isa = PBXBuildFile; fileRef = CFA95BFC233FEA4F001E4299 /* Model.xcdatamodeld */; };
		CFA95C1D233FEEAA001E4299 /* Location+CoreDataClass.swift in Sources */ = {isa = PBXBuildFile; fileRef = CFA95C13233FEEAA001E4299 /* Location+CoreDataClass.swift */; };
		CFA95C1E233FEEAA001E4299 /* Location+CoreDataProperties.swift in Sources */ = {isa = PBXBuildFile; fileRef = CFA95C14233FEEAA001E4299 /* Location+CoreDataProperties.swift */; };
		CFA95C1F233FEEAA001E4299 /* CurrentWeather+CoreDataClass.swift in Sources */ = {isa = PBXBuildFile; fileRef = CFA95C15233FEEAA001E4299 /* CurrentWeather+CoreDataClass.swift */; };
		CFA95C20233FEEAA001E4299 /* CurrentWeather+CoreDataProperties.swift in Sources */ = {isa = PBXBuildFile; fileRef = CFA95C16233FEEAA001E4299 /* CurrentWeather+CoreDataProperties.swift */; };
		CFA95C21233FEEAA001E4299 /* Country+CoreDataClass.swift in Sources */ = {isa = PBXBuildFile; fileRef = CFA95C17233FEEAA001E4299 /* Country+CoreDataClass.swift */; };
		CFA95C22233FEEAA001E4299 /* Country+CoreDataProperties.swift in Sources */ = {isa = PBXBuildFile; fileRef = CFA95C18233FEEAA001E4299 /* Country+CoreDataProperties.swift */; };
		CFA95C23233FEEAA001E4299 /* City+CoreDataClass.swift in Sources */ = {isa = PBXBuildFile; fileRef = CFA95C19233FEEAA001E4299 /* City+CoreDataClass.swift */; };
		CFA95C24233FEEAA001E4299 /* City+CoreDataProperties.swift in Sources */ = {isa = PBXBuildFile; fileRef = CFA95C1A233FEEAA001E4299 /* City+CoreDataProperties.swift */; };
		CFA95C25233FEEAA001E4299 /* DailyWeather+CoreDataClass.swift in Sources */ = {isa = PBXBuildFile; fileRef = CFA95C1B233FEEAA001E4299 /* DailyWeather+CoreDataClass.swift */; };
		CFA95C26233FEEAA001E4299 /* DailyWeather+CoreDataProperties.swift in Sources */ = {isa = PBXBuildFile; fileRef = CFA95C1C233FEEAA001E4299 /* DailyWeather+CoreDataProperties.swift */; };
		CFA95C2C233FF9F5001E4299 /* PersistenceManager.swift in Sources */ = {isa = PBXBuildFile; fileRef = CFA95C2B233FF9F5001E4299 /* PersistenceManager.swift */; };
		CFBDFF072330FE9900C50B4E /* AppDelegate.swift in Sources */ = {isa = PBXBuildFile; fileRef = CFBDFF062330FE9900C50B4E /* AppDelegate.swift */; };
		CFBDFF092330FE9900C50B4E /* CitiesViewController.swift in Sources */ = {isa = PBXBuildFile; fileRef = CFBDFF082330FE9900C50B4E /* CitiesViewController.swift */; };
		CFBDFF0C2330FE9900C50B4E /* Main.storyboard in Resources */ = {isa = PBXBuildFile; fileRef = CFBDFF0A2330FE9900C50B4E /* Main.storyboard */; };
		CFBDFF0E2330FE9A00C50B4E /* Assets.xcassets in Resources */ = {isa = PBXBuildFile; fileRef = CFBDFF0D2330FE9A00C50B4E /* Assets.xcassets */; };
		CFBDFF112330FE9A00C50B4E /* LaunchScreen.storyboard in Resources */ = {isa = PBXBuildFile; fileRef = CFBDFF0F2330FE9A00C50B4E /* LaunchScreen.storyboard */; };
		CFBDFF1E2331090F00C50B4E /* AddCityTableViewCell.swift in Sources */ = {isa = PBXBuildFile; fileRef = CFBDFF1D2331090F00C50B4E /* AddCityTableViewCell.swift */; };
		CFBDFF2023310B3600C50B4E /* CityTableViewCell.swift in Sources */ = {isa = PBXBuildFile; fileRef = CFBDFF1F23310B3600C50B4E /* CityTableViewCell.swift */; };
		CFBDFF322332B70700C50B4E /* CityVC.swift in Sources */ = {isa = PBXBuildFile; fileRef = CFBDFF312332B70700C50B4E /* CityVC.swift */; };
		CFBDFF352332B94400C50B4E /* ScrollCitiesPVC.swift in Sources */ = {isa = PBXBuildFile; fileRef = CFBDFF342332B94400C50B4E /* ScrollCitiesPVC.swift */; };
		CFBDFF382332CA9D00C50B4E /* CityInfo.swift in Sources */ = {isa = PBXBuildFile; fileRef = CFBDFF372332CA9D00C50B4E /* CityInfo.swift */; };
		CFBDFF3C2333A22500C50B4E /* WeatherItems.swift in Sources */ = {isa = PBXBuildFile; fileRef = CFBDFF3B2333A22500C50B4E /* WeatherItems.swift */; };
		CFBDFF3E233500ED00C50B4E /* NetworkManager.swift in Sources */ = {isa = PBXBuildFile; fileRef = CFBDFF3D233500ED00C50B4E /* NetworkManager.swift */; };
		CFCB5A632342426700E780DA /* SearchTableViewCell.swift in Sources */ = {isa = PBXBuildFile; fileRef = CFCB5A622342426700E780DA /* SearchTableViewCell.swift */; };
		CFCE0C702343C32500C71581 /* city.list.min.json in Resources */ = {isa = PBXBuildFile; fileRef = CFCE0C6F2343C32500C71581 /* city.list.min.json */; };
		CFD32D6F2341571000C24900 /* SearchViewController.swift in Sources */ = {isa = PBXBuildFile; fileRef = CFD32D6E2341571000C24900 /* SearchViewController.swift */; };
/* End PBXBuildFile section */

/* Begin PBXFileReference section */
		CFA95BFD233FEA4F001E4299 /* Model.xcdatamodel */ = {isa = PBXFileReference; lastKnownFileType = wrapper.xcdatamodel; path = Model.xcdatamodel; sourceTree = "<group>"; };
		CFA95C13233FEEAA001E4299 /* Location+CoreDataClass.swift */ = {isa = PBXFileReference; lastKnownFileType = sourcecode.swift; path = "Location+CoreDataClass.swift"; sourceTree = "<group>"; };
		CFA95C14233FEEAA001E4299 /* Location+CoreDataProperties.swift */ = {isa = PBXFileReference; lastKnownFileType = sourcecode.swift; path = "Location+CoreDataProperties.swift"; sourceTree = "<group>"; };
		CFA95C15233FEEAA001E4299 /* CurrentWeather+CoreDataClass.swift */ = {isa = PBXFileReference; lastKnownFileType = sourcecode.swift; path = "CurrentWeather+CoreDataClass.swift"; sourceTree = "<group>"; };
		CFA95C16233FEEAA001E4299 /* CurrentWeather+CoreDataProperties.swift */ = {isa = PBXFileReference; lastKnownFileType = sourcecode.swift; path = "CurrentWeather+CoreDataProperties.swift"; sourceTree = "<group>"; };
		CFA95C17233FEEAA001E4299 /* Country+CoreDataClass.swift */ = {isa = PBXFileReference; lastKnownFileType = sourcecode.swift; path = "Country+CoreDataClass.swift"; sourceTree = "<group>"; };
		CFA95C18233FEEAA001E4299 /* Country+CoreDataProperties.swift */ = {isa = PBXFileReference; lastKnownFileType = sourcecode.swift; path = "Country+CoreDataProperties.swift"; sourceTree = "<group>"; };
		CFA95C19233FEEAA001E4299 /* City+CoreDataClass.swift */ = {isa = PBXFileReference; lastKnownFileType = sourcecode.swift; path = "City+CoreDataClass.swift"; sourceTree = "<group>"; };
		CFA95C1A233FEEAA001E4299 /* City+CoreDataProperties.swift */ = {isa = PBXFileReference; lastKnownFileType = sourcecode.swift; path = "City+CoreDataProperties.swift"; sourceTree = "<group>"; };
		CFA95C1B233FEEAA001E4299 /* DailyWeather+CoreDataClass.swift */ = {isa = PBXFileReference; lastKnownFileType = sourcecode.swift; path = "DailyWeather+CoreDataClass.swift"; sourceTree = "<group>"; };
		CFA95C1C233FEEAA001E4299 /* DailyWeather+CoreDataProperties.swift */ = {isa = PBXFileReference; lastKnownFileType = sourcecode.swift; path = "DailyWeather+CoreDataProperties.swift"; sourceTree = "<group>"; };
		CFA95C2B233FF9F5001E4299 /* PersistenceManager.swift */ = {isa = PBXFileReference; lastKnownFileType = sourcecode.swift; path = PersistenceManager.swift; sourceTree = "<group>"; };
		CFBDFF032330FE9900C50B4E /* WeatherApp.app */ = {isa = PBXFileReference; explicitFileType = wrapper.application; includeInIndex = 0; path = WeatherApp.app; sourceTree = BUILT_PRODUCTS_DIR; };
		CFBDFF062330FE9900C50B4E /* AppDelegate.swift */ = {isa = PBXFileReference; lastKnownFileType = sourcecode.swift; path = AppDelegate.swift; sourceTree = "<group>"; };
		CFBDFF082330FE9900C50B4E /* CitiesViewController.swift */ = {isa = PBXFileReference; lastKnownFileType = sourcecode.swift; path = CitiesViewController.swift; sourceTree = "<group>"; };
		CFBDFF0B2330FE9900C50B4E /* Base */ = {isa = PBXFileReference; lastKnownFileType = file.storyboard; name = Base; path = Base.lproj/Main.storyboard; sourceTree = "<group>"; };
		CFBDFF0D2330FE9A00C50B4E /* Assets.xcassets */ = {isa = PBXFileReference; lastKnownFileType = folder.assetcatalog; path = Assets.xcassets; sourceTree = "<group>"; };
		CFBDFF102330FE9A00C50B4E /* Base */ = {isa = PBXFileReference; lastKnownFileType = file.storyboard; name = Base; path = Base.lproj/LaunchScreen.storyboard; sourceTree = "<group>"; };
		CFBDFF122330FE9A00C50B4E /* Info.plist */ = {isa = PBXFileReference; lastKnownFileType = text.plist.xml; path = Info.plist; sourceTree = "<group>"; };
		CFBDFF1D2331090F00C50B4E /* AddCityTableViewCell.swift */ = {isa = PBXFileReference; lastKnownFileType = sourcecode.swift; path = AddCityTableViewCell.swift; sourceTree = "<group>"; };
		CFBDFF1F23310B3600C50B4E /* CityTableViewCell.swift */ = {isa = PBXFileReference; lastKnownFileType = sourcecode.swift; path = CityTableViewCell.swift; sourceTree = "<group>"; };
		CFBDFF312332B70700C50B4E /* CityVC.swift */ = {isa = PBXFileReference; lastKnownFileType = sourcecode.swift; path = CityVC.swift; sourceTree = "<group>"; };
		CFBDFF342332B94400C50B4E /* ScrollCitiesPVC.swift */ = {isa = PBXFileReference; lastKnownFileType = sourcecode.swift; path = ScrollCitiesPVC.swift; sourceTree = "<group>"; };
		CFBDFF372332CA9D00C50B4E /* CityInfo.swift */ = {isa = PBXFileReference; lastKnownFileType = sourcecode.swift; path = CityInfo.swift; sourceTree = "<group>"; };
		CFBDFF3B2333A22500C50B4E /* WeatherItems.swift */ = {isa = PBXFileReference; lastKnownFileType = sourcecode.swift; path = WeatherItems.swift; sourceTree = "<group>"; };
		CFBDFF3D233500ED00C50B4E /* NetworkManager.swift */ = {isa = PBXFileReference; lastKnownFileType = sourcecode.swift; path = NetworkManager.swift; sourceTree = "<group>"; };
		CFCB5A622342426700E780DA /* SearchTableViewCell.swift */ = {isa = PBXFileReference; lastKnownFileType = sourcecode.swift; path = SearchTableViewCell.swift; sourceTree = "<group>"; };
		CFCE0C6F2343C32500C71581 /* city.list.min.json */ = {isa = PBXFileReference; fileEncoding = 4; lastKnownFileType = text.json; path = city.list.min.json; sourceTree = "<group>"; };
		CFD32D6E2341571000C24900 /* SearchViewController.swift */ = {isa = PBXFileReference; lastKnownFileType = sourcecode.swift; path = SearchViewController.swift; sourceTree = "<group>"; };
/* End PBXFileReference section */

/* Begin PBXFrameworksBuildPhase section */
		CFBDFF002330FE9800C50B4E /* Frameworks */ = {
			isa = PBXFrameworksBuildPhase;
			buildActionMask = 2147483647;
			files = (
			);
			runOnlyForDeploymentPostprocessing = 0;
		};
/* End PBXFrameworksBuildPhase section */

/* Begin PBXGroup section */
		CFBDFEFA2330FE9800C50B4E = {
			isa = PBXGroup;
			children = (
				CFBDFF052330FE9900C50B4E /* WeatherApp */,
				CFBDFF042330FE9900C50B4E /* Products */,
			);
			sourceTree = "<group>";
		};
		CFBDFF042330FE9900C50B4E /* Products */ = {
			isa = PBXGroup;
			children = (
				CFBDFF032330FE9900C50B4E /* WeatherApp.app */,
			);
			name = Products;
			sourceTree = "<group>";
		};
		CFBDFF052330FE9900C50B4E /* WeatherApp */ = {
			isa = PBXGroup;
			children = (
				CFBDFF0A2330FE9900C50B4E /* Main.storyboard */,
				CFCB5A6923426EBE00E780DA /* Managers */,
				CFBDFF182330FEAD00C50B4E /* CitiesVC */,
				CFCB5A6623426D6E00E780DA /* SearchVC */,
				CFBDFF302332344D00C50B4E /* PageViewController */,
				CFBDFF3A2333A20900C50B4E /* Model */,
				CFBDFF362332CA8000C50B4E /* New Group */,
				CFBDFF0D2330FE9A00C50B4E /* Assets.xcassets */,
				CFCE0C6F2343C32500C71581 /* city.list.min.json */,
				CFBDFF062330FE9900C50B4E /* AppDelegate.swift */,
				CFBDFF0F2330FE9A00C50B4E /* LaunchScreen.storyboard */,
				CFBDFF122330FE9A00C50B4E /* Info.plist */,
				CFA95BFC233FEA4F001E4299 /* Model.xcdatamodeld */,
			);
			path = WeatherApp;
			sourceTree = "<group>";
		};
		CFBDFF182330FEAD00C50B4E /* CitiesVC */ = {
			isa = PBXGroup;
			children = (
				CFCB5A6723426E5300E780DA /* Cells */,
				CFBDFF082330FE9900C50B4E /* CitiesViewController.swift */,
				CFBDFF312332B70700C50B4E /* CityVC.swift */,
			);
			path = CitiesVC;
			sourceTree = "<group>";
		};
		CFBDFF302332344D00C50B4E /* PageViewController */ = {
			isa = PBXGroup;
			children = (
				CFBDFF342332B94400C50B4E /* ScrollCitiesPVC.swift */,
			);
			path = PageViewController;
			sourceTree = "<group>";
		};
		CFBDFF362332CA8000C50B4E /* New Group */ = {
			isa = PBXGroup;
			children = (
				CFBDFF372332CA9D00C50B4E /* CityInfo.swift */,
			);
			path = "New Group";
			sourceTree = "<group>";
		};
		CFBDFF3A2333A20900C50B4E /* Model */ = {
			isa = PBXGroup;
			children = (
				CFA95C13233FEEAA001E4299 /* Location+CoreDataClass.swift */,
				CFA95C14233FEEAA001E4299 /* Location+CoreDataProperties.swift */,
				CFA95C15233FEEAA001E4299 /* CurrentWeather+CoreDataClass.swift */,
				CFA95C16233FEEAA001E4299 /* CurrentWeather+CoreDataProperties.swift */,
				CFA95C17233FEEAA001E4299 /* Country+CoreDataClass.swift */,
				CFA95C18233FEEAA001E4299 /* Country+CoreDataProperties.swift */,
				CFA95C19233FEEAA001E4299 /* City+CoreDataClass.swift */,
				CFA95C1A233FEEAA001E4299 /* City+CoreDataProperties.swift */,
				CFA95C1B233FEEAA001E4299 /* DailyWeather+CoreDataClass.swift */,
				CFA95C1C233FEEAA001E4299 /* DailyWeather+CoreDataProperties.swift */,
				CFBDFF3B2333A22500C50B4E /* WeatherItems.swift */,
			);
			path = Model;
			sourceTree = "<group>";
		};
		CFCB5A6623426D6E00E780DA /* SearchVC */ = {
			isa = PBXGroup;
			children = (
				CFCB5A6823426E5C00E780DA /* Cells */,
				CFD32D6E2341571000C24900 /* SearchViewController.swift */,
			);
			path = SearchVC;
			sourceTree = "<group>";
		};
		CFCB5A6723426E5300E780DA /* Cells */ = {
			isa = PBXGroup;
			children = (
				CFBDFF1F23310B3600C50B4E /* CityTableViewCell.swift */,
				CFBDFF1D2331090F00C50B4E /* AddCityTableViewCell.swift */,
			);
			path = Cells;
			sourceTree = "<group>";
		};
		CFCB5A6823426E5C00E780DA /* Cells */ = {
			isa = PBXGroup;
			children = (
				CFCB5A622342426700E780DA /* SearchTableViewCell.swift */,
			);
			path = Cells;
			sourceTree = "<group>";
		};
		CFCB5A6923426EBE00E780DA /* Managers */ = {
			isa = PBXGroup;
			children = (
				CFBDFF3D233500ED00C50B4E /* NetworkManager.swift */,
				CFA95C2B233FF9F5001E4299 /* PersistenceManager.swift */,
			);
			path = Managers;
			sourceTree = "<group>";
		};
/* End PBXGroup section */

/* Begin PBXNativeTarget section */
		CFBDFF022330FE9800C50B4E /* WeatherApp */ = {
			isa = PBXNativeTarget;
			buildConfigurationList = CFBDFF152330FE9A00C50B4E /* Build configuration list for PBXNativeTarget "WeatherApp" */;
			buildPhases = (
				CFBDFEFF2330FE9800C50B4E /* Sources */,
				CFBDFF002330FE9800C50B4E /* Frameworks */,
				CFBDFF012330FE9800C50B4E /* Resources */,
			);
			buildRules = (
			);
			dependencies = (
			);
			name = WeatherApp;
			productName = WeatherApp;
			productReference = CFBDFF032330FE9900C50B4E /* WeatherApp.app */;
			productType = "com.apple.product-type.application";
		};
/* End PBXNativeTarget section */

/* Begin PBXProject section */
		CFBDFEFB2330FE9800C50B4E /* Project object */ = {
			isa = PBXProject;
			attributes = {
				LastSwiftUpdateCheck = 1030;
				LastUpgradeCheck = 1030;
				ORGANIZATIONNAME = com.vkravets;
				TargetAttributes = {
					CFBDFF022330FE9800C50B4E = {
						CreatedOnToolsVersion = 10.3;
					};
				};
			};
			buildConfigurationList = CFBDFEFE2330FE9800C50B4E /* Build configuration list for PBXProject "WeatherApp" */;
			compatibilityVersion = "Xcode 9.3";
			developmentRegion = en;
			hasScannedForEncodings = 0;
			knownRegions = (
				en,
				Base,
			);
			mainGroup = CFBDFEFA2330FE9800C50B4E;
			productRefGroup = CFBDFF042330FE9900C50B4E /* Products */;
			projectDirPath = "";
			projectRoot = "";
			targets = (
				CFBDFF022330FE9800C50B4E /* WeatherApp */,
			);
		};
/* End PBXProject section */

/* Begin PBXResourcesBuildPhase section */
		CFBDFF012330FE9800C50B4E /* Resources */ = {
			isa = PBXResourcesBuildPhase;
			buildActionMask = 2147483647;
			files = (
				CFBDFF112330FE9A00C50B4E /* LaunchScreen.storyboard in Resources */,
				CFBDFF0E2330FE9A00C50B4E /* Assets.xcassets in Resources */,
				CFBDFF0C2330FE9900C50B4E /* Main.storyboard in Resources */,
				CFCE0C702343C32500C71581 /* city.list.min.json in Resources */,
			);
			runOnlyForDeploymentPostprocessing = 0;
		};
/* End PBXResourcesBuildPhase section */

/* Begin PBXSourcesBuildPhase section */
		CFBDFEFF2330FE9800C50B4E /* Sources */ = {
			isa = PBXSourcesBuildPhase;
			buildActionMask = 2147483647;
			files = (
				CFBDFF3E233500ED00C50B4E /* NetworkManager.swift in Sources */,
				CFA95C23233FEEAA001E4299 /* City+CoreDataClass.swift in Sources */,
				CFBDFF092330FE9900C50B4E /* CitiesViewController.swift in Sources */,
				CFA95C1F233FEEAA001E4299 /* CurrentWeather+CoreDataClass.swift in Sources */,
				CFBDFF1E2331090F00C50B4E /* AddCityTableViewCell.swift in Sources */,
				CFA95C22233FEEAA001E4299 /* Country+CoreDataProperties.swift in Sources */,
				CFA95C25233FEEAA001E4299 /* DailyWeather+CoreDataClass.swift in Sources */,
				CFBDFF322332B70700C50B4E /* CityVC.swift in Sources */,
				CFCB5A632342426700E780DA /* SearchTableViewCell.swift in Sources */,
				CFBDFF2023310B3600C50B4E /* CityTableViewCell.swift in Sources */,
				CFA95C2C233FF9F5001E4299 /* PersistenceManager.swift in Sources */,
				CFA95C20233FEEAA001E4299 /* CurrentWeather+CoreDataProperties.swift in Sources */,
				CFBDFF382332CA9D00C50B4E /* CityInfo.swift in Sources */,
				CFD32D6F2341571000C24900 /* SearchViewController.swift in Sources */,
				CFA95C24233FEEAA001E4299 /* City+CoreDataProperties.swift in Sources */,
				CFA95C21233FEEAA001E4299 /* Country+CoreDataClass.swift in Sources */,
				CFBDFF352332B94400C50B4E /* ScrollCitiesPVC.swift in Sources */,
				CFA95BFE233FEA50001E4299 /* Model.xcdatamodeld in Sources */,
				CFA95C1E233FEEAA001E4299 /* Location+CoreDataProperties.swift in Sources */,
				CFBDFF072330FE9900C50B4E /* AppDelegate.swift in Sources */,
				CFA95C1D233FEEAA001E4299 /* Location+CoreDataClass.swift in Sources */,
				CFA95C26233FEEAA001E4299 /* DailyWeather+CoreDataProperties.swift in Sources */,
				CFBDFF3C2333A22500C50B4E /* WeatherItems.swift in Sources */,
			);
			runOnlyForDeploymentPostprocessing = 0;
		};
/* End PBXSourcesBuildPhase section */

/* Begin PBXVariantGroup section */
		CFBDFF0A2330FE9900C50B4E /* Main.storyboard */ = {
			isa = PBXVariantGroup;
			children = (
				CFBDFF0B2330FE9900C50B4E /* Base */,
			);
			name = Main.storyboard;
			sourceTree = "<group>";
		};
		CFBDFF0F2330FE9A00C50B4E /* LaunchScreen.storyboard */ = {
			isa = PBXVariantGroup;
			children = (
				CFBDFF102330FE9A00C50B4E /* Base */,
			);
			name = LaunchScreen.storyboard;
			sourceTree = "<group>";
		};
/* End PBXVariantGroup section */

/* Begin XCBuildConfiguration section */
		CFBDFF132330FE9A00C50B4E /* Debug */ = {
			isa = XCBuildConfiguration;
			buildSettings = {
				ALWAYS_SEARCH_USER_PATHS = NO;
				CLANG_ANALYZER_NONNULL = YES;
				CLANG_ANALYZER_NUMBER_OBJECT_CONVERSION = YES_AGGRESSIVE;
				CLANG_CXX_LANGUAGE_STANDARD = "gnu++14";
				CLANG_CXX_LIBRARY = "libc++";
				CLANG_ENABLE_MODULES = YES;
				CLANG_ENABLE_OBJC_ARC = YES;
				CLANG_ENABLE_OBJC_WEAK = YES;
				CLANG_WARN_BLOCK_CAPTURE_AUTORELEASING = YES;
				CLANG_WARN_BOOL_CONVERSION = YES;
				CLANG_WARN_COMMA = YES;
				CLANG_WARN_CONSTANT_CONVERSION = YES;
				CLANG_WARN_DEPRECATED_OBJC_IMPLEMENTATIONS = YES;
				CLANG_WARN_DIRECT_OBJC_ISA_USAGE = YES_ERROR;
				CLANG_WARN_DOCUMENTATION_COMMENTS = YES;
				CLANG_WARN_EMPTY_BODY = YES;
				CLANG_WARN_ENUM_CONVERSION = YES;
				CLANG_WARN_INFINITE_RECURSION = YES;
				CLANG_WARN_INT_CONVERSION = YES;
				CLANG_WARN_NON_LITERAL_NULL_CONVERSION = YES;
				CLANG_WARN_OBJC_IMPLICIT_RETAIN_SELF = YES;
				CLANG_WARN_OBJC_LITERAL_CONVERSION = YES;
				CLANG_WARN_OBJC_ROOT_CLASS = YES_ERROR;
				CLANG_WARN_RANGE_LOOP_ANALYSIS = YES;
				CLANG_WARN_STRICT_PROTOTYPES = YES;
				CLANG_WARN_SUSPICIOUS_MOVE = YES;
				CLANG_WARN_UNGUARDED_AVAILABILITY = YES_AGGRESSIVE;
				CLANG_WARN_UNREACHABLE_CODE = YES;
				CLANG_WARN__DUPLICATE_METHOD_MATCH = YES;
				CODE_SIGN_IDENTITY = "iPhone Developer";
				COPY_PHASE_STRIP = NO;
				DEBUG_INFORMATION_FORMAT = dwarf;
				ENABLE_STRICT_OBJC_MSGSEND = YES;
				ENABLE_TESTABILITY = YES;
				GCC_C_LANGUAGE_STANDARD = gnu11;
				GCC_DYNAMIC_NO_PIC = NO;
				GCC_NO_COMMON_BLOCKS = YES;
				GCC_OPTIMIZATION_LEVEL = 0;
				GCC_PREPROCESSOR_DEFINITIONS = (
					"DEBUG=1",
					"$(inherited)",
				);
				GCC_WARN_64_TO_32_BIT_CONVERSION = YES;
				GCC_WARN_ABOUT_RETURN_TYPE = YES_ERROR;
				GCC_WARN_UNDECLARED_SELECTOR = YES;
				GCC_WARN_UNINITIALIZED_AUTOS = YES_AGGRESSIVE;
				GCC_WARN_UNUSED_FUNCTION = YES;
				GCC_WARN_UNUSED_VARIABLE = YES;
				IPHONEOS_DEPLOYMENT_TARGET = 12.4;
				MTL_ENABLE_DEBUG_INFO = INCLUDE_SOURCE;
				MTL_FAST_MATH = YES;
				ONLY_ACTIVE_ARCH = YES;
				SDKROOT = iphoneos;
				SWIFT_ACTIVE_COMPILATION_CONDITIONS = DEBUG;
				SWIFT_OPTIMIZATION_LEVEL = "-Onone";
			};
			name = Debug;
		};
		CFBDFF142330FE9A00C50B4E /* Release */ = {
			isa = XCBuildConfiguration;
			buildSettings = {
				ALWAYS_SEARCH_USER_PATHS = NO;
				CLANG_ANALYZER_NONNULL = YES;
				CLANG_ANALYZER_NUMBER_OBJECT_CONVERSION = YES_AGGRESSIVE;
				CLANG_CXX_LANGUAGE_STANDARD = "gnu++14";
				CLANG_CXX_LIBRARY = "libc++";
				CLANG_ENABLE_MODULES = YES;
				CLANG_ENABLE_OBJC_ARC = YES;
				CLANG_ENABLE_OBJC_WEAK = YES;
				CLANG_WARN_BLOCK_CAPTURE_AUTORELEASING = YES;
				CLANG_WARN_BOOL_CONVERSION = YES;
				CLANG_WARN_COMMA = YES;
				CLANG_WARN_CONSTANT_CONVERSION = YES;
				CLANG_WARN_DEPRECATED_OBJC_IMPLEMENTATIONS = YES;
				CLANG_WARN_DIRECT_OBJC_ISA_USAGE = YES_ERROR;
				CLANG_WARN_DOCUMENTATION_COMMENTS = YES;
				CLANG_WARN_EMPTY_BODY = YES;
				CLANG_WARN_ENUM_CONVERSION = YES;
				CLANG_WARN_INFINITE_RECURSION = YES;
				CLANG_WARN_INT_CONVERSION = YES;
				CLANG_WARN_NON_LITERAL_NULL_CONVERSION = YES;
				CLANG_WARN_OBJC_IMPLICIT_RETAIN_SELF = YES;
				CLANG_WARN_OBJC_LITERAL_CONVERSION = YES;
				CLANG_WARN_OBJC_ROOT_CLASS = YES_ERROR;
				CLANG_WARN_RANGE_LOOP_ANALYSIS = YES;
				CLANG_WARN_STRICT_PROTOTYPES = YES;
				CLANG_WARN_SUSPICIOUS_MOVE = YES;
				CLANG_WARN_UNGUARDED_AVAILABILITY = YES_AGGRESSIVE;
				CLANG_WARN_UNREACHABLE_CODE = YES;
				CLANG_WARN__DUPLICATE_METHOD_MATCH = YES;
				CODE_SIGN_IDENTITY = "iPhone Developer";
				COPY_PHASE_STRIP = NO;
				DEBUG_INFORMATION_FORMAT = "dwarf-with-dsym";
				ENABLE_NS_ASSERTIONS = NO;
				ENABLE_STRICT_OBJC_MSGSEND = YES;
				GCC_C_LANGUAGE_STANDARD = gnu11;
				GCC_NO_COMMON_BLOCKS = YES;
				GCC_WARN_64_TO_32_BIT_CONVERSION = YES;
				GCC_WARN_ABOUT_RETURN_TYPE = YES_ERROR;
				GCC_WARN_UNDECLARED_SELECTOR = YES;
				GCC_WARN_UNINITIALIZED_AUTOS = YES_AGGRESSIVE;
				GCC_WARN_UNUSED_FUNCTION = YES;
				GCC_WARN_UNUSED_VARIABLE = YES;
				IPHONEOS_DEPLOYMENT_TARGET = 12.4;
				MTL_ENABLE_DEBUG_INFO = NO;
				MTL_FAST_MATH = YES;
				SDKROOT = iphoneos;
				SWIFT_COMPILATION_MODE = wholemodule;
				SWIFT_OPTIMIZATION_LEVEL = "-O";
				VALIDATE_PRODUCT = YES;
			};
			name = Release;
		};
		CFBDFF162330FE9A00C50B4E /* Debug */ = {
			isa = XCBuildConfiguration;
			buildSettings = {
				ASSETCATALOG_COMPILER_APPICON_NAME = AppIcon;
				CODE_SIGN_STYLE = Automatic;
				DEVELOPMENT_TEAM = PA6B8R9S37;
				INFOPLIST_FILE = WeatherApp/Info.plist;
				LD_RUNPATH_SEARCH_PATHS = (
					"$(inherited)",
					"@executable_path/Frameworks",
				);
				PRODUCT_BUNDLE_IDENTIFIER = com.demo.test.WeatherApp;
				PRODUCT_NAME = "$(TARGET_NAME)";
				SWIFT_VERSION = 5.0;
				TARGETED_DEVICE_FAMILY = "1,2";
			};
			name = Debug;
		};
		CFBDFF172330FE9A00C50B4E /* Release */ = {
			isa = XCBuildConfiguration;
			buildSettings = {
				ASSETCATALOG_COMPILER_APPICON_NAME = AppIcon;
				CODE_SIGN_STYLE = Automatic;
				DEVELOPMENT_TEAM = PA6B8R9S37;
				INFOPLIST_FILE = WeatherApp/Info.plist;
				LD_RUNPATH_SEARCH_PATHS = (
					"$(inherited)",
					"@executable_path/Frameworks",
				);
				PRODUCT_BUNDLE_IDENTIFIER = com.demo.test.WeatherApp;
				PRODUCT_NAME = "$(TARGET_NAME)";
				SWIFT_VERSION = 5.0;
				TARGETED_DEVICE_FAMILY = "1,2";
			};
			name = Release;
		};
/* End XCBuildConfiguration section */

/* Begin XCConfigurationList section */
		CFBDFEFE2330FE9800C50B4E /* Build configuration list for PBXProject "WeatherApp" */ = {
			isa = XCConfigurationList;
			buildConfigurations = (
				CFBDFF132330FE9A00C50B4E /* Debug */,
				CFBDFF142330FE9A00C50B4E /* Release */,
			);
			defaultConfigurationIsVisible = 0;
			defaultConfigurationName = Release;
		};
		CFBDFF152330FE9A00C50B4E /* Build configuration list for PBXNativeTarget "WeatherApp" */ = {
			isa = XCConfigurationList;
			buildConfigurations = (
				CFBDFF162330FE9A00C50B4E /* Debug */,
				CFBDFF172330FE9A00C50B4E /* Release */,
			);
			defaultConfigurationIsVisible = 0;
			defaultConfigurationName = Release;
		};
/* End XCConfigurationList section */

/* Begin XCVersionGroup section */
		CFA95BFC233FEA4F001E4299 /* Model.xcdatamodeld */ = {
			isa = XCVersionGroup;
			children = (
				CFA95BFD233FEA4F001E4299 /* Model.xcdatamodel */,
			);
			currentVersion = CFA95BFD233FEA4F001E4299 /* Model.xcdatamodel */;
			path = Model.xcdatamodeld;
			sourceTree = "<group>";
			versionGroupType = wrapper.xcdatamodel;
		};
/* End XCVersionGroup section */
	};
	rootObject = CFBDFEFB2330FE9800C50B4E /* Project object */;
}
